<?xml version="1.0" encoding="utf-8"?>
<Project ToolsVersion="4.0" xmlns="http://schemas.microsoft.com/developer/msbuild/2003">
  <ItemGroup>
    <Filter Include="Source Files">
      <UniqueIdentifier>{4FC737F1-C7A5-4376-A066-2A32D752A2FF}</UniqueIdentifier>
      <Extensions>cpp;c;cc;cxx;c++;cppm;ixx;def;odl;idl;hpj;bat;asm;asmx</Extensions>
    </Filter>
    <Filter Include="Header Files">
      <UniqueIdentifier>{93995380-89BD-4b04-88EB-625FBE52EBFB}</UniqueIdentifier>
      <Extensions>h;hh;hpp;hxx;h++;hm;inl;inc;ipp;xsd</Extensions>
    </Filter>
    <Filter Include="Resource Files">
      <UniqueIdentifier>{67DA6AB6-F800-4c08-8B7A-83BB121AAD01}</UniqueIdentifier>
      <Extensions>rc;ico;cur;bmp;dlg;rc2;rct;bin;rgs;gif;jpg;jpeg;jpe;resx;tiff;tif;png;wav;mfcribbon-ms</Extensions>
    </Filter>
  </ItemGroup>
  <ItemGroup>
    <ClCompile Include="Handler.cpp">
      <Filter>Source Files</Filter>
    </ClCompile>
    <ClCompile Include="StreamUtils.cpp">
      <Filter>Source Files</Filter>
    </ClCompile>
    <ClCompile Include="MyString.cpp">
      <Filter>Source Files</Filter>
    </ClCompile>
    <ClCompile Include="IntToString.cpp">
      <Filter>Source Files</Filter>
    </ClCompile>
    <ClCompile Include="StringConvert.cpp">
      <Filter>Source Files</Filter>
    </ClCompile>
    <ClCompile Include="ProgressUtils.cpp">
      <Filter>Source Files</Filter>
    </ClCompile>
    <ClCompile Include="PropVariant.cpp">
      <Filter>Source Files</Filter>
    </ClCompile>
    <ClCompile Include="CopyCoder.cpp">
      <Filter>Source Files</Filter>
    </ClCompile>
    <ClCompile Include="Alloc.c">
      <Filter>Source Files</Filter>
    </ClCompile>
    <ClCompile Include="LimitedStreams.cpp">
      <Filter>Source Files</Filter>
    </ClCompile>
    <ClCompile Include="PropId.cpp">
      <Filter>Source Files</Filter>
    </ClCompile>
    <ClCompile Include="ArchiveExports.cpp">
      <Filter>Source Files</Filter>
    </ClCompile>
    <ClCompile Include="DllExports2.cpp">
      <Filter>Source Files</Filter>
    </ClCompile>
  </ItemGroup>
  <ItemGroup>
    <ClInclude Include="libvpk++.h">
      <Filter>Header Files</Filter>
    </ClInclude>
    <ClInclude Include="StreamUtils.h">
      <Filter>Header Files</Filter>
    </ClInclude>
    <ClInclude Include="Alloc.h">
      <Filter>Header Files</Filter>
    </ClInclude>
    <ClInclude Include="CopyCoder.h">
      <Filter>Header Files</Filter>
    </ClInclude>
    <ClInclude Include="CpuArch.h">
      <Filter>Header Files</Filter>
    </ClInclude>
    <ClInclude Include="Defs.h">
      <Filter>Header Files</Filter>
    </ClInclude>
    <ClInclude Include="flat_map.hpp">
      <Filter>Header Files</Filter>
    </ClInclude>
    <ClInclude Include="IArchive.h">
      <Filter>Header Files</Filter>
    </ClInclude>
    <ClInclude Include="ICoder.h">
      <Filter>Header Files</Filter>
    </ClInclude>
    <ClInclude Include="IDecl.h">
      <Filter>Header Files</Filter>
    </ClInclude>
    <ClInclude Include="IntToString.h">
      <Filter>Header Files</Filter>
    </ClInclude>
    <ClInclude Include="IProgress.h">
      <Filter>Header Files</Filter>
    </ClInclude>
    <ClInclude Include="IStream.h">
      <Filter>Header Files</Filter>
    </ClInclude>
    <ClInclude Include="LimitedStreams.h">
      <Filter>Header Files</Filter>
    </ClInclude>
    <ClInclude Include="MethodId.h">
      <Filter>Header Files</Filter>
    </ClInclude>
    <ClInclude Include="MyBuffer.h">
      <Filter>Header Files</Filter>
    </ClInclude>
    <ClInclude Include="MyCom.h">
      <Filter>Header Files</Filter>
    </ClInclude>
    <ClInclude Include="MyGuidDef.h">
      <Filter>Header Files</Filter>
    </ClInclude>
    <ClInclude Include="MyString.h">
      <Filter>Header Files</Filter>
    </ClInclude>
    <ClInclude Include="MyTypes.h">
      <Filter>Header Files</Filter>
    </ClInclude>
    <ClInclude Include="MyUnknown.h">
      <Filter>Header Files</Filter>
    </ClInclude>
    <ClInclude Include="MyVector.h">
      <Filter>Header Files</Filter>
    </ClInclude>
    <ClInclude Include="MyWindows.h">
      <Filter>Header Files</Filter>
    </ClInclude>
    <ClInclude Include="ProgressUtils.h">
      <Filter>Header Files</Filter>
    </ClInclude>
    <ClInclude Include="PropID.h">
      <Filter>Header Files</Filter>
    </ClInclude>
    <ClInclude Include="PropVariant.h">
      <Filter>Header Files</Filter>
    </ClInclude>
    <ClInclude Include="RegisterArc.h">
      <Filter>Header Files</Filter>
    </ClInclude>
    <ClInclude Include="RegisterCodec.h">
      <Filter>Header Files</Filter>
    </ClInclude>
    <ClInclude Include="StringConvert.h">
      <Filter>Header Files</Filter>
    </ClInclude>
    <ClInclude Include="7zTypes.h">
      <Filter>Header Files</Filter>
    </ClInclude>
  </ItemGroup>
  <ItemGroup>
    <None Include="Archive.def">
      <Filter>Resource Files</Filter>
    </None>
  </ItemGroup>
</Project>